// !$*UTF8*$!
{
	archiveVersion = 1;
	classes = {
	};
	objectVersion = 46;
	objects = {

/* Begin PBXBuildFile section */
		2718EF4516D910EE00090868 /* UIKit.framework in Frameworks */ = {isa = PBXBuildFile; fileRef = 2718EF4416D910EE00090868 /* UIKit.framework */; };
		2718EF4716D910EE00090868 /* Foundation.framework in Frameworks */ = {isa = PBXBuildFile; fileRef = 2718EF4616D910EE00090868 /* Foundation.framework */; };
		2718EF4916D910EE00090868 /* CoreGraphics.framework in Frameworks */ = {isa = PBXBuildFile; fileRef = 2718EF4816D910EE00090868 /* CoreGraphics.framework */; };
		2718EF4F16D910EE00090868 /* InfoPlist.strings in Resources */ = {isa = PBXBuildFile; fileRef = 2718EF4D16D910EE00090868 /* InfoPlist.strings */; };
		2718EF5116D910EE00090868 /* main.m in Sources */ = {isa = PBXBuildFile; fileRef = 2718EF5016D910EE00090868 /* main.m */; };
		2718EF5516D910EE00090868 /* AppDelegate.m in Sources */ = {isa = PBXBuildFile; fileRef = 2718EF5416D910EE00090868 /* AppDelegate.m */; };
		2718EF5716D910EE00090868 /* Default.png in Resources */ = {isa = PBXBuildFile; fileRef = 2718EF5616D910EE00090868 /* Default.png */; };
		2718EF5916D910EE00090868 /* Default@2x.png in Resources */ = {isa = PBXBuildFile; fileRef = 2718EF5816D910EE00090868 /* Default@2x.png */; };
		2718EF5B16D910EE00090868 /* Default-568h@2x.png in Resources */ = {isa = PBXBuildFile; fileRef = 2718EF5A16D910EE00090868 /* Default-568h@2x.png */; };
		2718EF5E16D910EE00090868 /* ViewController.m in Sources */ = {isa = PBXBuildFile; fileRef = 2718EF5D16D910EE00090868 /* ViewController.m */; };
		2718EF6116D910EE00090868 /* ViewController.xib in Resources */ = {isa = PBXBuildFile; fileRef = 2718EF5F16D910EE00090868 /* ViewController.xib */; };
		2718EF6816D9299D00090868 /* QuartzCore.framework in Frameworks */ = {isa = PBXBuildFile; fileRef = 2718EF6716D9299D00090868 /* QuartzCore.framework */; };
/* End PBXBuildFile section */

/* Begin PBXFileReference section */
		2718EF4116D910EE00090868 /* CoolAnimations.app */ = {isa = PBXFileReference; explicitFileType = wrapper.application; includeInIndex = 0; path = CoolAnimations.app; sourceTree = BUILT_PRODUCTS_DIR; };
		2718EF4416D910EE00090868 /* UIKit.framework */ = {isa = PBXFileReference; lastKnownFileType = wrapper.framework; name = UIKit.framework; path = System/Library/Frameworks/UIKit.framework; sourceTree = SDKROOT; };
		2718EF4616D910EE00090868 /* Foundation.framework */ = {isa = PBXFileReference; lastKnownFileType = wrapper.framework; name = Foundation.framework; path = System/Library/Frameworks/Foundation.framework; sourceTree = SDKROOT; };
		2718EF4816D910EE00090868 /* CoreGraphics.framework */ = {isa = PBXFileReference; lastKnownFileType = wrapper.framework; name = CoreGraphics.framework; path = System/Library/Frameworks/CoreGraphics.framework; sourceTree = SDKROOT; };
		2718EF4C16D910EE00090868 /* CoolAnimations-Info.plist */ = {isa = PBXFileReference; lastKnownFileType = text.plist.xml; path = "CoolAnimations-Info.plist"; sourceTree = "<group>"; };
		2718EF4E16D910EE00090868 /* en */ = {isa = PBXFileReference; lastKnownFileType = text.plist.strings; name = en; path = en.lproj/InfoPlist.strings; sourceTree = "<group>"; };
		2718EF5016D910EE00090868 /* main.m */ = {isa = PBXFileReference; lastKnownFileType = sourcecode.c.objc; path = main.m; sourceTree = "<group>"; };
		2718EF5216D910EE00090868 /* CoolAnimations-Prefix.pch */ = {isa = PBXFileReference; lastKnownFileType = sourcecode.c.h; path = "CoolAnimations-Prefix.pch"; sourceTree = "<group>"; };
		2718EF5316D910EE00090868 /* AppDelegate.h */ = {isa = PBXFileReference; lastKnownFileType = sourcecode.c.h; path = AppDelegate.h; sourceTree = "<group>"; };
		2718EF5416D910EE00090868 /* AppDelegate.m */ = {isa = PBXFileReference; lastKnownFileType = sourcecode.c.objc; path = AppDelegate.m; sourceTree = "<group>"; };
		2718EF5616D910EE00090868 /* Default.png */ = {isa = PBXFileReference; lastKnownFileType = image.png; path = Default.png; sourceTree = "<group>"; };
		2718EF5816D910EE00090868 /* Default@2x.png */ = {isa = PBXFileReference; lastKnownFileType = image.png; path = "Default@2x.png"; sourceTree = "<group>"; };
		2718EF5A16D910EE00090868 /* Default-568h@2x.png */ = {isa = PBXFileReference; lastKnownFileType = image.png; path = "Default-568h@2x.png"; sourceTree = "<group>"; };
		2718EF5C16D910EE00090868 /* ViewController.h */ = {isa = PBXFileReference; lastKnownFileType = sourcecode.c.h; path = ViewController.h; sourceTree = "<group>"; };
		2718EF5D16D910EE00090868 /* ViewController.m */ = {isa = PBXFileReference; lastKnownFileType = sourcecode.c.objc; path = ViewController.m; sourceTree = "<group>"; };
		2718EF6016D910EE00090868 /* en */ = {isa = PBXFileReference; lastKnownFileType = file.xib; name = en; path = en.lproj/ViewController.xib; sourceTree = "<group>"; };
		2718EF6716D9299D00090868 /* QuartzCore.framework */ = {isa = PBXFileReference; lastKnownFileType = wrapper.framework; name = QuartzCore.framework; path = System/Library/Frameworks/QuartzCore.framework; sourceTree = SDKROOT; };
/* End PBXFileReference section */

/* Begin PBXFrameworksBuildPhase section */
		2718EF3E16D910EE00090868 /* Frameworks */ = {
			isa = PBXFrameworksBuildPhase;
			buildActionMask = 2147483647;
			files = (
				2718EF6816D9299D00090868 /* QuartzCore.framework in Frameworks */,
				2718EF4516D910EE00090868 /* UIKit.framework in Frameworks */,
				2718EF4716D910EE00090868 /* Foundation.framework in Frameworks */,
				2718EF4916D910EE00090868 /* CoreGraphics.framework in Frameworks */,
			);
			runOnlyForDeploymentPostprocessing = 0;
		};
/* End PBXFrameworksBuildPhase section */

/* Begin PBXGroup section */
		2718EF3816D910ED00090868 = {
			isa = PBXGroup;
			children = (
				2718EF4A16D910EE00090868 /* CoolAnimations */,
				2718EF4316D910EE00090868 /* Frameworks */,
				2718EF4216D910EE00090868 /* Products */,
			);
			sourceTree = "<group>";
		};
		2718EF4216D910EE00090868 /* Products */ = {
			isa = PBXGroup;
			children = (
				2718EF4116D910EE00090868 /* CoolAnimations.app */,
			);
			name = Products;
			sourceTree = "<group>";
		};
		2718EF4316D910EE00090868 /* Frameworks */ = {
			isa = PBXGroup;
			children = (
				2718EF6716D9299D00090868 /* QuartzCore.framework */,
				2718EF4416D910EE00090868 /* UIKit.framework */,
				2718EF4616D910EE00090868 /* Foundation.framework */,
				2718EF4816D910EE00090868 /* CoreGraphics.framework */,
			);
			name = Frameworks;
			sourceTree = "<group>";
		};
		2718EF4A16D910EE00090868 /* CoolAnimations */ = {
			isa = PBXGroup;
			children = (
				2718EF5316D910EE00090868 /* AppDelegate.h */,
				2718EF5416D910EE00090868 /* AppDelegate.m */,
				2718EF5C16D910EE00090868 /* ViewController.h */,
				2718EF5D16D910EE00090868 /* ViewController.m */,
				2718EF5F16D910EE00090868 /* ViewController.xib */,
				2718EF4B16D910EE00090868 /* Supporting Files */,
			);
			path = CoolAnimations;
			sourceTree = "<group>";
		};
		2718EF4B16D910EE00090868 /* Supporting Files */ = {
			isa = PBXGroup;
			children = (
				2718EF4C16D910EE00090868 /* CoolAnimations-Info.plist */,
				2718EF4D16D910EE00090868 /* InfoPlist.strings */,
				2718EF5016D910EE00090868 /* main.m */,
				2718EF5216D910EE00090868 /* CoolAnimations-Prefix.pch */,
				2718EF5616D910EE00090868 /* Default.png */,
				2718EF5816D910EE00090868 /* Default@2x.png */,
				2718EF5A16D910EE00090868 /* Default-568h@2x.png */,
			);
			name = "Supporting Files";
			sourceTree = "<group>";
		};
/* End PBXGroup section */

/* Begin PBXNativeTarget section */
		2718EF4016D910EE00090868 /* CoolAnimations */ = {
			isa = PBXNativeTarget;
			buildConfigurationList = 2718EF6416D910EE00090868 /* Build configuration list for PBXNativeTarget "CoolAnimations" */;
			buildPhases = (
				2718EF3D16D910EE00090868 /* Sources */,
				2718EF3E16D910EE00090868 /* Frameworks */,
				2718EF3F16D910EE00090868 /* Resources */,
			);
			buildRules = (
			);
			dependencies = (
			);
			name = CoolAnimations;
			productName = CoolAnimations;
			productReference = 2718EF4116D910EE00090868 /* CoolAnimations.app */;
			productType = "com.apple.product-type.application";
		};
/* End PBXNativeTarget section */

/* Begin PBXProject section */
		2718EF3916D910EE00090868 /* Project object */ = {
			isa = PBXProject;
			attributes = {
				LastUpgradeCheck = 0460;
				ORGANIZATIONNAME = croath;
			};
			buildConfigurationList = 2718EF3C16D910EE00090868 /* Build configuration list for PBXProject "CoolAnimations" */;
			compatibilityVersion = "Xcode 3.2";
			developmentRegion = English;
			hasScannedForEncodings = 0;
			knownRegions = (
				en,
			);
			mainGroup = 2718EF3816D910ED00090868;
			productRefGroup = 2718EF4216D910EE00090868 /* Products */;
			projectDirPath = "";
			projectRoot = "";
			targets = (
				2718EF4016D910EE00090868 /* CoolAnimations */,
			);
		};
/* End PBXProject section */

/* Begin PBXResourcesBuildPhase section */
		2718EF3F16D910EE00090868 /* Resources */ = {
			isa = PBXResourcesBuildPhase;
			buildActionMask = 2147483647;
			files = (
				2718EF4F16D910EE00090868 /* InfoPlist.strings in Resources */,
				2718EF5716D910EE00090868 /* Default.png in Resources */,
				2718EF5916D910EE00090868 /* Default@2x.png in Resources */,
				2718EF5B16D910EE00090868 /* Default-568h@2x.png in Resources */,
				2718EF6116D910EE00090868 /* ViewController.xib in Resources */,
			);
			runOnlyForDeploymentPostprocessing = 0;
		};
/* End PBXResourcesBuildPhase section */

/* Begin PBXSourcesBuildPhase section */
		2718EF3D16D910EE00090868 /* Sources */ = {
			isa = PBXSourcesBuildPhase;
			buildActionMask = 2147483647;
			files = (
				2718EF5116D910EE00090868 /* main.m in Sources */,
				2718EF5516D910EE00090868 /* AppDelegate.m in Sources */,
				2718EF5E16D910EE00090868 /* ViewController.m in Sources */,
			);
			runOnlyForDeploymentPostprocessing = 0;
		};
/* End PBXSourcesBuildPhase section */

/* Begin PBXVariantGroup section */
		2718EF4D16D910EE00090868 /* InfoPlist.strings */ = {
			isa = PBXVariantGroup;
			children = (
				2718EF4E16D910EE00090868 /* en */,
			);
			name = InfoPlist.strings;
			sourceTree = "<group>";
		};
		2718EF5F16D910EE00090868 /* ViewController.xib */ = {
			isa = PBXVariantGroup;
			children = (
				2718EF6016D910EE00090868 /* en */,
			);
			name = ViewController.xib;
			sourceTree = "<group>";
		};
/* End PBXVariantGroup section */

/* Begin XCBuildConfiguration section */
		2718EF6216D910EE00090868 /* Debug */ = {
			isa = XCBuildConfiguration;
			buildSettings = {
				ALWAYS_SEARCH_USER_PATHS = NO;
				CLANG_CXX_LANGUAGE_STANDARD = "gnu++0x";
				CLANG_CXX_LIBRARY = "libc++";
				CLANG_ENABLE_OBJC_ARC = YES;
				CLANG_WARN_CONSTANT_CONVERSION = YES;
				CLANG_WARN_EMPTY_BODY = YES;
				CLANG_WARN_ENUM_CONVERSION = YES;
				CLANG_WARN_INT_CONVERSION = YES;
				CLANG_WARN__DUPLICATE_METHOD_MATCH = YES;
				"CODE_SIGN_IDENTITY[sdk=iphoneos*]" = "iPhone Developer";
				COPY_PHASE_STRIP = NO;
				GCC_C_LANGUAGE_STANDARD = gnu99;
				GCC_DYNAMIC_NO_PIC = NO;
				GCC_OPTIMIZATION_LEVEL = 0;
				GCC_PREPROCESSOR_DEFINITIONS = (
					"DEBUG=1",
					"$(inherited)",
				);
				GCC_SYMBOLS_PRIVATE_EXTERN = NO;
				GCC_WARN_ABOUT_RETURN_TYPE = YES;
				GCC_WARN_UNINITIALIZED_AUTOS = YES;
				GCC_WARN_UNUSED_VARIABLE = YES;
				IPHONEOS_DEPLOYMENT_TARGET = 6.1;
				ONLY_ACTIVE_ARCH = YES;
				SDKROOT = iphoneos;
			};
			name = Debug;
		};
		2718EF6316D910EE00090868 /* Release */ = {
			isa = XCBuildConfiguration;
			buildSettings = {
				ALWAYS_SEARCH_USER_PATHS = NO;
				CLANG_CXX_LANGUAGE_STANDARD = "gnu++0x";
				CLANG_CXX_LIBRARY = "libc++";
				CLANG_ENABLE_OBJC_ARC = YES;
				CLANG_WARN_CONSTANT_CONVERSION = YES;
				CLANG_WARN_EMPTY_BODY = YES;
				CLANG_WARN_ENUM_CONVERSION = YES;
				CLANG_WARN_INT_CONVERSION = YES;
				CLANG_WARN__DUPLICATE_METHOD_MATCH = YES;
				"CODE_SIGN_IDENTITY[sdk=iphoneos*]" = "iPhone Developer";
				COPY_PHASE_STRIP = YES;
				GCC_C_LANGUAGE_STANDARD = gnu99;
				GCC_WARN_ABOUT_RETURN_TYPE = YES;
				GCC_WARN_UNINITIALIZED_AUTOS = YES;
				GCC_WARN_UNUSED_VARIABLE = YES;
				IPHONEOS_DEPLOYMENT_TARGET = 6.1;
				OTHER_CFLAGS = "-DNS_BLOCK_ASSERTIONS=1";
				SDKROOT = iphoneos;
				VALIDATE_PRODUCT = YES;
			};
			name = Release;
		};
		2718EF6516D910EE00090868 /* Debug */ = {
			isa = XCBuildConfiguration;
			buildSettings = {
				GCC_PRECOMPILE_PREFIX_HEADER = YES;
				GCC_PREFIX_HEADER = "CoolAnimations/CoolAnimations-Prefix.pch";
				INFOPLIST_FILE = "CoolAnimations/CoolAnimations-Info.plist";
				PRODUCT_NAME = "$(TARGET_NAME)";
				WRAPPER_EXTENSION = app;
			};
			name = Debug;
		};
		2718EF6616D910EE00090868 /* Release */ = {
			isa = XCBuildConfiguration;
			buildSettings = {
				GCC_PRECOMPILE_PREFIX_HEADER = YES;
				GCC_PREFIX_HEADER = "CoolAnimations/CoolAnimations-Prefix.pch";
				INFOPLIST_FILE = "CoolAnimations/CoolAnimations-Info.plist";
				PRODUCT_NAME = "$(TARGET_NAME)";
				WRAPPER_EXTENSION = app;
			};
			name = Release;
		};
/* End XCBuildConfiguration section */

/* Begin XCConfigurationList section */
		2718EF3C16D910EE00090868 /* Build configuration list for PBXProject "CoolAnimations" */ = {
			isa = XCConfigurationList;
			buildConfigurations = (
				2718EF6216D910EE00090868 /* Debug */,
				2718EF6316D910EE00090868 /* Release */,
			);
			defaultConfigurationIsVisible = 0;
			defaultConfigurationName = Release;
		};
		2718EF6416D910EE00090868 /* Build configuration list for PBXNativeTarget "CoolAnimations" */ = {
			isa = XCConfigurationList;
			buildConfigurations = (
				2718EF6516D910EE00090868 /* Debug */,
				2718EF6616D910EE00090868 /* Release */,
			);
			defaultConfigurationIsVisible = 0;
		};
/* End XCConfigurationList section */
	};
	rootObject = 2718EF3916D910EE00090868 /* Project object */;
}
